
Microsoft Visual Studio Solution File, Format Version 12.00
# Visual Studio Version 17
VisualStudioVersion = 17.9.34723.18
MinimumVisualStudioVersion = 10.0.40219.1
Project("{FAE04EC0-301F-11D3-BF4B-00C04F79EFBC}") = "todolist", "todolist.csproj", "{C25E6453-34D6-4FF2-9CF3-A9D11425713F}"
EndProject
Global
	GlobalSection(SolutionConfigurationPlatforms) = preSolution
		Debug|Any CPU = Debug|Any CPU
		Release|Any CPU = Release|Any CPU
	EndGlobalSection
	GlobalSection(ProjectConfigurationPlatforms) = postSolution
		{C25E6453-34D6-4FF2-9CF3-A9D11425713F}.Debug|Any CPU.ActiveCfg = Debug|Any CPU
		{C25E6453-34D6-4FF2-9CF3-A9D11425713F}.Debug|Any CPU.Build.0 = Debug|Any CPU
		{C25E6453-34D6-4FF2-9CF3-A9D11425713F}.Release|Any CPU.ActiveCfg = Release|Any CPU
		{C25E6453-34D6-4FF2-9CF3-A9D11425713F}.Release|Any CPU.Build.0 = Release|Any CPU
	EndGlobalSection
	GlobalSection(SolutionProperties) = preSolution
		HideSolutionNode = FALSE
	EndGlobalSection
	GlobalSection(ExtensibilityGlobals) = postSolution
		SolutionGuid = {CFD05909-B97E-4BFF-BC58-A48EE296F7A3}
	EndGlobalSection
EndGlobal
